
Microsoft Visual Studio Solution File, Format Version 12.00
# Visual Studio Version 16
VisualStudioVersion = 16.0.29613.14
MinimumVisualStudioVersion = 10.0.40219.1
Project("{FAE04EC0-301F-11D3-BF4B-00C04F79EFBC}") = "LAB_2_High-speed_Comp", "LAB_2_High-speed_Comp\LAB_2_High-speed_Comp.csproj", "{F2E19CA2-93CB-47E4-B0F3-52CB9AA40E53}"
EndProject
Global
	GlobalSection(SolutionConfigurationPlatforms) = preSolution
		Debug|Any CPU = Debug|Any CPU
		Release|Any CPU = Release|Any CPU
	EndGlobalSection
	GlobalSection(ProjectConfigurationPlatforms) = postSolution
		{F2E19CA2-93CB-47E4-B0F3-52CB9AA40E53}.Debug|Any CPU.ActiveCfg = Debug|Any CPU
		{F2E19CA2-93CB-47E4-B0F3-52CB9AA40E53}.Debug|Any CPU.Build.0 = Debug|Any CPU
		{F2E19CA2-93CB-47E4-B0F3-52CB9AA40E53}.Release|Any CPU.ActiveCfg = Release|Any CPU
		{F2E19CA2-93CB-47E4-B0F3-52CB9AA40E53}.Release|Any CPU.Build.0 = Release|Any CPU
	EndGlobalSection
	GlobalSection(SolutionProperties) = preSolution
		HideSolutionNode = FALSE
	EndGlobalSection
	GlobalSection(ExtensibilityGlobals) = postSolution
		SolutionGuid = {2B5EA541-555E-4440-8D2F-8F779C9A50C3}
	EndGlobalSection
EndGlobal
