
Microsoft Visual Studio Solution File, Format Version 12.00
# Visual Studio Version 16
VisualStudioVersion = 16.0.29613.14
MinimumVisualStudioVersion = 10.0.40219.1
Project("{FAE04EC0-301F-11D3-BF4B-00C04F79EFBC}") = "LAB_3_High-speed_Comp", "LAB_3_High-speed_Comp\LAB_3_High-speed_Comp.csproj", "{319B435D-AC16-42EF-8926-F4627B73C539}"
EndProject
Global
	GlobalSection(SolutionConfigurationPlatforms) = preSolution
		Debug|Any CPU = Debug|Any CPU
		Release|Any CPU = Release|Any CPU
	EndGlobalSection
	GlobalSection(ProjectConfigurationPlatforms) = postSolution
		{319B435D-AC16-42EF-8926-F4627B73C539}.Debug|Any CPU.ActiveCfg = Debug|Any CPU
		{319B435D-AC16-42EF-8926-F4627B73C539}.Debug|Any CPU.Build.0 = Debug|Any CPU
		{319B435D-AC16-42EF-8926-F4627B73C539}.Release|Any CPU.ActiveCfg = Release|Any CPU
		{319B435D-AC16-42EF-8926-F4627B73C539}.Release|Any CPU.Build.0 = Release|Any CPU
	EndGlobalSection
	GlobalSection(SolutionProperties) = preSolution
		HideSolutionNode = FALSE
	EndGlobalSection
	GlobalSection(ExtensibilityGlobals) = postSolution
		SolutionGuid = {E9B5D2AF-27A9-4DC9-822E-ACCED63E16FA}
	EndGlobalSection
EndGlobal
